
Microsoft Visual Studio Solution File, Format Version 12.00
# Visual Studio Version 17
VisualStudioVersion = 17.14.36518.9
MinimumVisualStudioVersion = 10.0.40219.1
Project("{FAE04EC0-301F-11D3-BF4B-00C04F79EFBC}") = "FreshFalaye.Admin", "FreshFalaye.Admin\FreshFalaye.Admin.csproj", "{F31AFAE9-8D6E-47FF-B5E6-AED6862BC842}"
EndProject
Global
	GlobalSection(SolutionConfigurationPlatforms) = preSolution
		Debug|Any CPU = Debug|Any CPU
		Release|Any CPU = Release|Any CPU
	EndGlobalSection
	GlobalSection(ProjectConfigurationPlatforms) = postSolution
		{F31AFAE9-8D6E-47FF-B5E6-AED6862BC842}.Debug|Any CPU.ActiveCfg = Debug|Any CPU
		{F31AFAE9-8D6E-47FF-B5E6-AED6862BC842}.Debug|Any CPU.Build.0 = Debug|Any CPU
		{F31AFAE9-8D6E-47FF-B5E6-AED6862BC842}.Release|Any CPU.ActiveCfg = Release|Any CPU
		{F31AFAE9-8D6E-47FF-B5E6-AED6862BC842}.Release|Any CPU.Build.0 = Release|Any CPU
	EndGlobalSection
	GlobalSection(SolutionProperties) = preSolution
		HideSolutionNode = FALSE
	EndGlobalSection
	GlobalSection(ExtensibilityGlobals) = postSolution
		SolutionGuid = {75186215-7B8A-4167-9EF6-398CEC597D68}
	EndGlobalSection
EndGlobal
